// !$*UTF8*$!
{
	archiveVersion = 1;
	classes = {
	};
	objectVersion = 50;
	objects = {

/* Begin PBXBuildFile section */
		A251A69D20C0E5E000E1701C /* shell.c in Sources */ = {isa = PBXBuildFile; fileRef = A251A69920C0E5DF00E1701C /* shell.c */; };
/* End PBXBuildFile section */

/* Begin PBXCopyFilesBuildPhase section */
		A251A68720C0E3F400E1701C /* CopyFiles */ = {
			isa = PBXCopyFilesBuildPhase;
			buildActionMask = 2147483647;
			dstPath = /usr/share/man/man1/;
			dstSubfolderSpec = 0;
			files = (
			);
			runOnlyForDeploymentPostprocessing = 1;
		};
/* End PBXCopyFilesBuildPhase section */

/* Begin PBXFileReference section */
		A251A68920C0E3F400E1701C /* OS_experiment */ = {isa = PBXFileReference; explicitFileType = "compiled.mach-o.executable"; includeInIndex = 0; path = OS_experiment; sourceTree = BUILT_PRODUCTS_DIR; };
		A251A69920C0E5DF00E1701C /* shell.c */ = {isa = PBXFileReference; fileEncoding = 4; lastKnownFileType = sourcecode.c.c; path = shell.c; sourceTree = "<group>"; };
		A251A6A120C261D900E1701C /* his.c */ = {isa = PBXFileReference; lastKnownFileType = sourcecode.c.c; path = his.c; sourceTree = "<group>"; };
		A251A6A220C261D900E1701C /* file.c */ = {isa = PBXFileReference; lastKnownFileType = sourcecode.c.c; path = file.c; sourceTree = "<group>"; };
/* End PBXFileReference section */

/* Begin PBXFrameworksBuildPhase section */
		A251A68620C0E3F400E1701C /* Frameworks */ = {
			isa = PBXFrameworksBuildPhase;
			buildActionMask = 2147483647;
			files = (
			);
			runOnlyForDeploymentPostprocessing = 0;
		};
/* End PBXFrameworksBuildPhase section */

/* Begin PBXGroup section */
		A251A68020C0E3F400E1701C = {
			isa = PBXGroup;
			children = (
				A251A68B20C0E3F400E1701C /* OS_experiment */,
				A251A68A20C0E3F400E1701C /* Products */,
			);
			sourceTree = "<group>";
		};
		A251A68A20C0E3F400E1701C /* Products */ = {
			isa = PBXGroup;
			children = (
				A251A68920C0E3F400E1701C /* OS_experiment */,
			);
			name = Products;
			sourceTree = "<group>";
		};
		A251A68B20C0E3F400E1701C /* OS_experiment */ = {
			isa = PBXGroup;
			children = (
				A251A69720C0E54700E1701C /* 5 */,
				A251A69620C0E54200E1701C /* 4 */,
				A251A69520C0E53B00E1701C /* 3 */,
				A251A69420C0E53800E1701C /* 2 */,
				A251A69320C0E53300E1701C /* 1 */,
			);
			path = OS_experiment;
			sourceTree = "<group>";
		};
		A251A69320C0E53300E1701C /* 1 */ = {
			isa = PBXGroup;
			children = (
				A251A69920C0E5DF00E1701C /* shell.c */,
			);
			path = 1;
			sourceTree = "<group>";
		};
		A251A69420C0E53800E1701C /* 2 */ = {
			isa = PBXGroup;
			children = (
			);
			path = 2;
			sourceTree = "<group>";
		};
		A251A69520C0E53B00E1701C /* 3 */ = {
			isa = PBXGroup;
			children = (
			);
			path = 3;
			sourceTree = "<group>";
		};
		A251A69620C0E54200E1701C /* 4 */ = {
			isa = PBXGroup;
			children = (
			);
			path = 4;
			sourceTree = "<group>";
		};
		A251A69720C0E54700E1701C /* 5 */ = {
			isa = PBXGroup;
			children = (
				A251A6A220C261D900E1701C /* file.c */,
				A251A6A120C261D900E1701C /* his.c */,
			);
			path = 5;
			sourceTree = "<group>";
		};
/* End PBXGroup section */

/* Begin PBXNativeTarget section */
		A251A68820C0E3F400E1701C /* OS_experiment */ = {
			isa = PBXNativeTarget;
			buildConfigurationList = A251A69020C0E3F400E1701C /* Build configuration list for PBXNativeTarget "OS_experiment" */;
			buildPhases = (
				A251A68520C0E3F400E1701C /* Sources */,
				A251A68620C0E3F400E1701C /* Frameworks */,
				A251A68720C0E3F400E1701C /* CopyFiles */,
			);
			buildRules = (
			);
			dependencies = (
			);
			name = OS_experiment;
			productName = OS_experiment;
			productReference = A251A68920C0E3F400E1701C /* OS_experiment */;
			productType = "com.apple.product-type.tool";
		};
/* End PBXNativeTarget section */

/* Begin PBXProject section */
		A251A68120C0E3F400E1701C /* Project object */ = {
			isa = PBXProject;
			attributes = {
				LastUpgradeCheck = 0930;
				ORGANIZATIONNAME = popduorz;
				TargetAttributes = {
					A251A68820C0E3F400E1701C = {
						CreatedOnToolsVersion = 9.3;
					};
				};
			};
			buildConfigurationList = A251A68420C0E3F400E1701C /* Build configuration list for PBXProject "OS_experiment" */;
			compatibilityVersion = "Xcode 9.3";
			developmentRegion = en;
			hasScannedForEncodings = 0;
			knownRegions = (
				en,
			);
			mainGroup = A251A68020C0E3F400E1701C;
			productRefGroup = A251A68A20C0E3F400E1701C /* Products */;
			projectDirPath = "";
			projectRoot = "";
			targets = (
				A251A68820C0E3F400E1701C /* OS_experiment */,
			);
		};
/* End PBXProject section */

/* Begin PBXSourcesBuildPhase section */
		A251A68520C0E3F400E1701C /* Sources */ = {
			isa = PBXSourcesBuildPhase;
			buildActionMask = 2147483647;
			files = (
				A251A69D20C0E5E000E1701C /* shell.c in Sources */,
			);
			runOnlyForDeploymentPostprocessing = 0;
		};
/* End PBXSourcesBuildPhase section */

/* Begin XCBuildConfiguration section */
		A251A68E20C0E3F400E1701C /* Debug */ = {
			isa = XCBuildConfiguration;
			buildSettings = {
				ALWAYS_SEARCH_USER_PATHS = NO;
				CLANG_ANALYZER_NONNULL = YES;
				CLANG_ANALYZER_NUMBER_OBJECT_CONVERSION = YES_AGGRESSIVE;
				CLANG_CXX_LANGUAGE_STANDARD = "gnu++14";
				CLANG_CXX_LIBRARY = "libc++";
				CLANG_ENABLE_MODULES = YES;
				CLANG_ENABLE_OBJC_ARC = YES;
				CLANG_ENABLE_OBJC_WEAK = YES;
				CLANG_WARN_BLOCK_CAPTURE_AUTORELEASING = YES;
				CLANG_WARN_BOOL_CONVERSION = YES;
				CLANG_WARN_COMMA = YES;
				CLANG_WARN_CONSTANT_CONVERSION = YES;
				CLANG_WARN_DEPRECATED_OBJC_IMPLEMENTATIONS = YES;
				CLANG_WARN_DIRECT_OBJC_ISA_USAGE = YES_ERROR;
				CLANG_WARN_DOCUMENTATION_COMMENTS = YES;
				CLANG_WARN_EMPTY_BODY = YES;
				CLANG_WARN_ENUM_CONVERSION = YES;
				CLANG_WARN_INFINITE_RECURSION = YES;
				CLANG_WARN_INT_CONVERSION = YES;
				CLANG_WARN_NON_LITERAL_NULL_CONVERSION = YES;
				CLANG_WARN_OBJC_IMPLICIT_RETAIN_SELF = YES;
				CLANG_WARN_OBJC_LITERAL_CONVERSION = YES;
				CLANG_WARN_OBJC_ROOT_CLASS = YES_ERROR;
				CLANG_WARN_RANGE_LOOP_ANALYSIS = YES;
				CLANG_WARN_STRICT_PROTOTYPES = YES;
				CLANG_WARN_SUSPICIOUS_MOVE = YES;
				CLANG_WARN_UNGUARDED_AVAILABILITY = YES_AGGRESSIVE;
				CLANG_WARN_UNREACHABLE_CODE = YES;
				CLANG_WARN__DUPLICATE_METHOD_MATCH = YES;
				CODE_SIGN_IDENTITY = "Mac Developer";
				COPY_PHASE_STRIP = NO;
				DEBUG_INFORMATION_FORMAT = dwarf;
				ENABLE_STRICT_OBJC_MSGSEND = YES;
				ENABLE_TESTABILITY = YES;
				GCC_C_LANGUAGE_STANDARD = gnu11;
				GCC_DYNAMIC_NO_PIC = NO;
				GCC_NO_COMMON_BLOCKS = YES;
				GCC_OPTIMIZATION_LEVEL = 0;
				GCC_PREPROCESSOR_DEFINITIONS = (
					"DEBUG=1",
					"$(inherited)",
				);
				GCC_WARN_64_TO_32_BIT_CONVERSION = YES;
				GCC_WARN_ABOUT_RETURN_TYPE = YES_ERROR;
				GCC_WARN_UNDECLARED_SELECTOR = YES;
				GCC_WARN_UNINITIALIZED_AUTOS = YES_AGGRESSIVE;
				GCC_WARN_UNUSED_FUNCTION = YES;
				GCC_WARN_UNUSED_VARIABLE = YES;
				MACOSX_DEPLOYMENT_TARGET = 10.13;
				MTL_ENABLE_DEBUG_INFO = YES;
				ONLY_ACTIVE_ARCH = YES;
				SDKROOT = macosx;
			};
			name = Debug;
		};
		A251A68F20C0E3F400E1701C /* Release */ = {
			isa = XCBuildConfiguration;
			buildSettings = {
				ALWAYS_SEARCH_USER_PATHS = NO;
				CLANG_ANALYZER_NONNULL = YES;
				CLANG_ANALYZER_NUMBER_OBJECT_CONVERSION = YES_AGGRESSIVE;
				CLANG_CXX_LANGUAGE_STANDARD = "gnu++14";
				CLANG_CXX_LIBRARY = "libc++";
				CLANG_ENABLE_MODULES = YES;
				CLANG_ENABLE_OBJC_ARC = YES;
				CLANG_ENABLE_OBJC_WEAK = YES;
				CLANG_WARN_BLOCK_CAPTURE_AUTORELEASING = YES;
				CLANG_WARN_BOOL_CONVERSION = YES;
				CLANG_WARN_COMMA = YES;
				CLANG_WARN_CONSTANT_CONVERSION = YES;
				CLANG_WARN_DEPRECATED_OBJC_IMPLEMENTATIONS = YES;
				CLANG_WARN_DIRECT_OBJC_ISA_USAGE = YES_ERROR;
				CLANG_WARN_DOCUMENTATION_COMMENTS = YES;
				CLANG_WARN_EMPTY_BODY = YES;
				CLANG_WARN_ENUM_CONVERSION = YES;
				CLANG_WARN_INFINITE_RECURSION = YES;
				CLANG_WARN_INT_CONVERSION = YES;
				CLANG_WARN_NON_LITERAL_NULL_CONVERSION = YES;
				CLANG_WARN_OBJC_IMPLICIT_RETAIN_SELF = YES;
				CLANG_WARN_OBJC_LITERAL_CONVERSION = YES;
				CLANG_WARN_OBJC_ROOT_CLASS = YES_ERROR;
				CLANG_WARN_RANGE_LOOP_ANALYSIS = YES;
				CLANG_WARN_STRICT_PROTOTYPES = YES;
				CLANG_WARN_SUSPICIOUS_MOVE = YES;
				CLANG_WARN_UNGUARDED_AVAILABILITY = YES_AGGRESSIVE;
				CLANG_WARN_UNREACHABLE_CODE = YES;
				CLANG_WARN__DUPLICATE_METHOD_MATCH = YES;
				CODE_SIGN_IDENTITY = "Mac Developer";
				COPY_PHASE_STRIP = NO;
				DEBUG_INFORMATION_FORMAT = "dwarf-with-dsym";
				ENABLE_NS_ASSERTIONS = NO;
				ENABLE_STRICT_OBJC_MSGSEND = YES;
				GCC_C_LANGUAGE_STANDARD = gnu11;
				GCC_NO_COMMON_BLOCKS = YES;
				GCC_WARN_64_TO_32_BIT_CONVERSION = YES;
				GCC_WARN_ABOUT_RETURN_TYPE = YES_ERROR;
				GCC_WARN_UNDECLARED_SELECTOR = YES;
				GCC_WARN_UNINITIALIZED_AUTOS = YES_AGGRESSIVE;
				GCC_WARN_UNUSED_FUNCTION = YES;
				GCC_WARN_UNUSED_VARIABLE = YES;
				MACOSX_DEPLOYMENT_TARGET = 10.13;
				MTL_ENABLE_DEBUG_INFO = NO;
				SDKROOT = macosx;
			};
			name = Release;
		};
		A251A69120C0E3F400E1701C /* Debug */ = {
			isa = XCBuildConfiguration;
			buildSettings = {
				CODE_SIGN_STYLE = Automatic;
				DEVELOPMENT_TEAM = 4VJC9445D5;
				PRODUCT_NAME = "$(TARGET_NAME)";
			};
			name = Debug;
		};
		A251A69220C0E3F400E1701C /* Release */ = {
			isa = XCBuildConfiguration;
			buildSettings = {
				CODE_SIGN_STYLE = Automatic;
				DEVELOPMENT_TEAM = 4VJC9445D5;
				PRODUCT_NAME = "$(TARGET_NAME)";
			};
			name = Release;
		};
/* End XCBuildConfiguration section */

/* Begin XCConfigurationList section */
		A251A68420C0E3F400E1701C /* Build configuration list for PBXProject "OS_experiment" */ = {
			isa = XCConfigurationList;
			buildConfigurations = (
				A251A68E20C0E3F400E1701C /* Debug */,
				A251A68F20C0E3F400E1701C /* Release */,
			);
			defaultConfigurationIsVisible = 0;
			defaultConfigurationName = Release;
		};
		A251A69020C0E3F400E1701C /* Build configuration list for PBXNativeTarget "OS_experiment" */ = {
			isa = XCConfigurationList;
			buildConfigurations = (
				A251A69120C0E3F400E1701C /* Debug */,
				A251A69220C0E3F400E1701C /* Release */,
			);
			defaultConfigurationIsVisible = 0;
			defaultConfigurationName = Release;
		};
/* End XCConfigurationList section */
	};
	rootObject = A251A68120C0E3F400E1701C /* Project object */;
}
